
Microsoft Visual Studio Solution File, Format Version 12.00
# Visual Studio 15
VisualStudioVersion = 15.0.27004.2002
MinimumVisualStudioVersion = 10.0.40219.1
Project("{888888A0-9F3D-457C-B088-3A5042F75D52}") = "Finding-Lane-Lines", "Finding-Lane-Lines.pyproj", "{CE9DC614-6E2E-4A52-A8DC-794A69B53F8A}"
EndProject
Global
	GlobalSection(SolutionConfigurationPlatforms) = preSolution
		Debug|Any CPU = Debug|Any CPU
		Release|Any CPU = Release|Any CPU
	EndGlobalSection
	GlobalSection(ProjectConfigurationPlatforms) = postSolution
		{CE9DC614-6E2E-4A52-A8DC-794A69B53F8A}.Debug|Any CPU.ActiveCfg = Debug|Any CPU
		{CE9DC614-6E2E-4A52-A8DC-794A69B53F8A}.Release|Any CPU.ActiveCfg = Release|Any CPU
	EndGlobalSection
	GlobalSection(SolutionProperties) = preSolution
		HideSolutionNode = FALSE
	EndGlobalSection
	GlobalSection(ExtensibilityGlobals) = postSolution
		SolutionGuid = {5FD4E798-8535-4D0D-BB1D-E3A97D8B287D}
	EndGlobalSection
EndGlobal
